<Solution>
  <Configurations>
    <BuildType Name="Debug" />
    <BuildType Name="Debug_Lmm10" />
    <BuildType Name="Debug_Lmm30" />
    <BuildType Name="Release" />
    <Platform Name="x64" />
    <Platform Name="x86" />
  </Configurations>
  <Project Path="LMMLoginManager.vcxproj" />
</Solution>
