<?xml version="1.0" encoding="utf-8"?>
<Project ToolsVersion="4.0" xmlns="http://schemas.microsoft.com/developer/msbuild/2003">
  <ItemGroup>
    <Filter Include="소스 파일">
      <UniqueIdentifier>{4FC737F1-C7A5-4376-A066-2A32D752A2FF}</UniqueIdentifier>
      <Extensions>cpp;c;cc;cxx;c++;cppm;ixx;def;odl;idl;hpj;bat;asm;asmx</Extensions>
    </Filter>
    <Filter Include="헤더 파일">
      <UniqueIdentifier>{93995380-89BD-4b04-88EB-625FBE52EBFB}</UniqueIdentifier>
      <Extensions>h;hh;hpp;hxx;h++;hm;inl;inc;ipp;xsd</Extensions>
    </Filter>
    <Filter Include="리소스 파일">
      <UniqueIdentifier>{67DA6AB6-F800-4c08-8B7A-83BB121AAD01}</UniqueIdentifier>
      <Extensions>rc;ico;cur;bmp;dlg;rc2;rct;bin;rgs;gif;jpg;jpeg;jpe;resx;tiff;tif;png;wav;mfcribbon-ms</Extensions>
    </Filter>
    <Filter Include="Common">
      <UniqueIdentifier>{fe3f2056-0e1b-408f-8fb5-ec5e1fa18d41}</UniqueIdentifier>
    </Filter>
    <Filter Include="소스 파일\Util">
      <UniqueIdentifier>{c5430a83-5467-4e0b-8a3b-faf5413c4840}</UniqueIdentifier>
    </Filter>
  </ItemGroup>
  <ItemGroup>
    <ClInclude Include="LMMLoginManager.h">
      <Filter>헤더 파일</Filter>
    </ClInclude>
    <ClInclude Include="LMMLoginManagerDlg.h">
      <Filter>헤더 파일</Filter>
    </ClInclude>
    <ClInclude Include="framework.h">
      <Filter>헤더 파일</Filter>
    </ClInclude>
    <ClInclude Include="targetver.h">
      <Filter>헤더 파일</Filter>
    </ClInclude>
    <ClInclude Include="Resource.h">
      <Filter>헤더 파일</Filter>
    </ClInclude>
    <ClInclude Include="pch.h">
      <Filter>헤더 파일</Filter>
    </ClInclude>
    <ClInclude Include="$(CommonLibDir)\ResizeCtrl.h">
      <Filter>Common</Filter>
    </ClInclude>
    <ClInclude Include="$(CommonLibDir)\SCGdiplusBitmap.h">
      <Filter>Common</Filter>
    </ClInclude>
    <ClInclude Include="$(CommonLibDir)\colors.h">
      <Filter>Common</Filter>
    </ClInclude>
    <ClInclude Include="$(CommonLibDir)\Functions.h">
      <Filter>Common</Filter>
    </ClInclude>
    <ClInclude Include="$(CommonLibDir)\MemoryDC.h">
      <Filter>Common</Filter>
    </ClInclude>
    <ClInclude Include="$(CommonLibDir)\CButton\GdiButton\GdiButton.h">
      <Filter>Common</Filter>
    </ClInclude>
    <ClInclude Include="$(CommonLibDir)\CEdit\CSCStaticEdit\SCStaticEdit.h">
      <Filter>Common</Filter>
    </ClInclude>
    <ClInclude Include="$(CommonLibDir)\messagebox\CSCMessageBox\SCMessageBox.h">
      <Filter>Common</Filter>
    </ClInclude>
    <ClInclude Include="$(CommonLibDir)\CStatic\SCStatic\SCStatic.h">
      <Filter>Common</Filter>
    </ClInclude>
    <ClInclude Include="$(CommonLibDir)\CEdit\SCEdit\SCEdit.h">
      <Filter>Common</Filter>
    </ClInclude>
    <ClInclude Include="$(CommonLibDir)\ini\EZIni\EZIni.h">
      <Filter>Common</Filter>
    </ClInclude>
    <ClInclude Include="$(CommonLibDir)\log\SCLog\SCLog.h">
      <Filter>Common</Filter>
    </ClInclude>
    <ClInclude Include="$(CommonLibDir)\thread\CSCThread\SCThread.h">
      <Filter>Common</Filter>
    </ClInclude>
    <ClInclude Include="Util.h">
      <Filter>헤더 파일</Filter>
    </ClInclude>
    <ClInclude Include="Util\neturoauth.h">
      <Filter>소스 파일\Util</Filter>
    </ClInclude>
    <ClInclude Include="Util\neturoPassword.h">
      <Filter>소스 파일\Util</Filter>
    </ClInclude>
    <ClInclude Include="Util\d3des.h">
      <Filter>소스 파일\Util</Filter>
    </ClInclude>
  </ItemGroup>
  <ItemGroup>
    <ClCompile Include="LMMLoginManager.cpp">
      <Filter>소스 파일</Filter>
    </ClCompile>
    <ClCompile Include="LMMLoginManagerDlg.cpp">
      <Filter>소스 파일</Filter>
    </ClCompile>
    <ClCompile Include="pch.cpp">
      <Filter>소스 파일</Filter>
    </ClCompile>
    <ClCompile Include="$(CommonLibDir)\ResizeCtrl.cpp">
      <Filter>Common</Filter>
    </ClCompile>
    <ClCompile Include="$(CommonLibDir)\SCGdiplusBitmap.cpp">
      <Filter>Common</Filter>
    </ClCompile>
    <ClCompile Include="$(CommonLibDir)\colors.cpp">
      <Filter>Common</Filter>
    </ClCompile>
    <ClCompile Include="$(CommonLibDir)\Functions.cpp">
      <Filter>Common</Filter>
    </ClCompile>
    <ClCompile Include="$(CommonLibDir)\CButton\GdiButton\GdiButton.cpp">
      <Filter>Common</Filter>
    </ClCompile>
    <ClCompile Include="$(CommonLibDir)\CEdit\CSCStaticEdit\SCStaticEdit.cpp">
      <Filter>Common</Filter>
    </ClCompile>
    <ClCompile Include="$(CommonLibDir)\messagebox\CSCMessageBox\SCMessageBox.cpp">
      <Filter>Common</Filter>
    </ClCompile>
    <ClCompile Include="$(CommonLibDir)\CStatic\SCStatic\SCStatic.cpp">
      <Filter>Common</Filter>
    </ClCompile>
    <ClCompile Include="$(CommonLibDir)\CEdit\SCEdit\SCEdit.cpp">
      <Filter>Common</Filter>
    </ClCompile>
    <ClCompile Include="$(CommonLibDir)\ini\EZIni\EZIni.cpp">
      <Filter>Common</Filter>
    </ClCompile>
    <ClCompile Include="$(CommonLibDir)\log\SCLog\SCLog.cpp">
      <Filter>Common</Filter>
    </ClCompile>
    <ClCompile Include="$(CommonLibDir)\thread\CSCThread\SCThread.cpp">
      <Filter>Common</Filter>
    </ClCompile>
    <ClCompile Include="Util.cpp">
      <Filter>소스 파일</Filter>
    </ClCompile>
    <ClCompile Include="Util\neturoauth.c">
      <Filter>소스 파일\Util</Filter>
    </ClCompile>
    <ClCompile Include="Util\d3des.c">
      <Filter>소스 파일\Util</Filter>
    </ClCompile>
  </ItemGroup>
  <ItemGroup>
    <ResourceCompile Include="LMMLoginManager.rc">
      <Filter>리소스 파일</Filter>
    </ResourceCompile>
  </ItemGroup>
  <ItemGroup>
    <None Include="res\LMMLoginManager.rc2">
      <Filter>리소스 파일</Filter>
    </None>
  </ItemGroup>
  <ItemGroup>
    <Image Include="res\LMMLoginManager.ico">
      <Filter>리소스 파일</Filter>
    </Image>
    <Image Include="res\images\config_gray_24px.png">
      <Filter>리소스 파일</Filter>
    </Image>
    <Image Include="res\images\email_gray_24px.png">
      <Filter>리소스 파일</Filter>
    </Image>
    <Image Include="res\images\eye_gray_24px.png">
      <Filter>리소스 파일</Filter>
    </Image>
    <Image Include="res\images\minimize_gray_24px.png">
      <Filter>리소스 파일</Filter>
    </Image>
    <Image Include="res\images\password_gray_24px.png">
      <Filter>리소스 파일</Filter>
    </Image>
    <Image Include="res\images\quit_gray_24px.png">
      <Filter>리소스 파일</Filter>
    </Image>
    <Image Include="res\images\user_gray_24px.png">
      <Filter>리소스 파일</Filter>
    </Image>
    <Image Include="res\images\close.png">
      <Filter>리소스 파일</Filter>
    </Image>
    <Image Include="res\images\config_gray.png">
      <Filter>리소스 파일</Filter>
    </Image>
    <Image Include="res\images\minimize.png">
      <Filter>리소스 파일</Filter>
    </Image>
    <Image Include="res\images\IDB_LOGO.png">
      <Filter>리소스 파일</Filter>
    </Image>
  </ItemGroup>
</Project>