<?xml version="1.0" encoding="utf-8"?>
<Project ToolsVersion="4.0" xmlns="http://schemas.microsoft.com/developer/msbuild/2003">
  <ItemGroup>
    <Filter Include="소스 파일">
      <UniqueIdentifier>{4FC737F1-C7A5-4376-A066-2A32D752A2FF}</UniqueIdentifier>
      <Extensions>cpp;c;cc;cxx;c++;cppm;ixx;def;odl;idl;hpj;bat;asm;asmx</Extensions>
    </Filter>
    <Filter Include="리소스 파일">
      <UniqueIdentifier>{67DA6AB6-F800-4c08-8B7A-83BB121AAD01}</UniqueIdentifier>
      <Extensions>rc;ico;cur;bmp;dlg;rc2;rct;bin;rgs;gif;jpg;jpeg;jpe;resx;tiff;tif;png;wav;mfcribbon-ms</Extensions>
    </Filter>
    <Filter Include="Common">
      <UniqueIdentifier>{fe3f2056-0e1b-408f-8fb5-ec5e1fa18d41}</UniqueIdentifier>
    </Filter>
    <Filter Include="소스 파일\Util">
      <UniqueIdentifier>{c5430a83-5467-4e0b-8a3b-faf5413c4840}</UniqueIdentifier>
    </Filter>
  </ItemGroup>
  <ItemGroup>
    <ClInclude Include="$(CommonLibDir)\ResizeCtrl.h">
      <Filter>Common</Filter>
    </ClInclude>
    <ClInclude Include="$(CommonLibDir)\SCGdiplusBitmap.h">
      <Filter>Common</Filter>
    </ClInclude>
    <ClInclude Include="$(CommonLibDir)\colors.h">
      <Filter>Common</Filter>
    </ClInclude>
    <ClInclude Include="$(CommonLibDir)\Functions.h">
      <Filter>Common</Filter>
    </ClInclude>
    <ClInclude Include="$(CommonLibDir)\MemoryDC.h">
      <Filter>Common</Filter>
    </ClInclude>
    <ClInclude Include="$(CommonLibDir)\CButton\GdiButton\GdiButton.h">
      <Filter>Common</Filter>
    </ClInclude>
    <ClInclude Include="$(CommonLibDir)\CEdit\CSCStaticEdit\SCStaticEdit.h">
      <Filter>Common</Filter>
    </ClInclude>
    <ClInclude Include="$(CommonLibDir)\messagebox\CSCMessageBox\SCMessageBox.h">
      <Filter>Common</Filter>
    </ClInclude>
    <ClInclude Include="$(CommonLibDir)\CStatic\SCStatic\SCStatic.h">
      <Filter>Common</Filter>
    </ClInclude>
    <ClInclude Include="$(CommonLibDir)\CEdit\SCEdit\SCEdit.h">
      <Filter>Common</Filter>
    </ClInclude>
    <ClInclude Include="$(CommonLibDir)\ini\EZIni\EZIni.h">
      <Filter>Common</Filter>
    </ClInclude>
    <ClInclude Include="$(CommonLibDir)\log\SCLog\SCLog.h">
      <Filter>Common</Filter>
    </ClInclude>
    <ClInclude Include="$(CommonLibDir)\thread\CSCThread\SCThread.h">
      <Filter>Common</Filter>
    </ClInclude>
    <ClInclude Include="Util\neturoauth.h">
      <Filter>소스 파일\Util</Filter>
    </ClInclude>
    <ClInclude Include="Util\neturoPassword.h">
      <Filter>소스 파일\Util</Filter>
    </ClInclude>
    <ClInclude Include="Util\d3des.h">
      <Filter>소스 파일\Util</Filter>
    </ClInclude>
    <ClInclude Include="..\..\Common\Json\rapid_json\json.h">
      <Filter>Common</Filter>
    </ClInclude>
    <ClInclude Include="DeviceGroupDlg.h">
      <Filter>소스 파일</Filter>
    </ClInclude>
    <ClInclude Include="DeviceNameDlg.h">
      <Filter>소스 파일</Filter>
    </ClInclude>
    <ClInclude Include="framework.h">
      <Filter>소스 파일</Filter>
    </ClInclude>
    <ClInclude Include="LMMLoginManager.h">
      <Filter>소스 파일</Filter>
    </ClInclude>
    <ClInclude Include="LMMLoginManagerDlg.h">
      <Filter>소스 파일</Filter>
    </ClInclude>
    <ClInclude Include="LmmProto.h">
      <Filter>소스 파일</Filter>
    </ClInclude>
    <ClInclude Include="pch.h">
      <Filter>소스 파일</Filter>
    </ClInclude>
    <ClInclude Include="PositionDlg.h">
      <Filter>소스 파일</Filter>
    </ClInclude>
    <ClInclude Include="Resource.h">
      <Filter>소스 파일</Filter>
    </ClInclude>
    <ClInclude Include="ServiceSetting.h">
      <Filter>소스 파일</Filter>
    </ClInclude>
    <ClInclude Include="targetver.h">
      <Filter>소스 파일</Filter>
    </ClInclude>
    <ClInclude Include="UdpSocket.h">
      <Filter>소스 파일</Filter>
    </ClInclude>
    <ClInclude Include="Util.h">
      <Filter>소스 파일</Filter>
    </ClInclude>
    <ClInclude Include="VersionDlg.h">
      <Filter>소스 파일</Filter>
    </ClInclude>
    <ClInclude Include="..\..\Common\CTreeCtrl\SCTreeCtrl\SCTreeCtrl.h">
      <Filter>Common</Filter>
    </ClInclude>
    <ClInclude Include="..\..\Common\CScrollbar\SCScrollbar\SCScrollbar.h">
      <Filter>Common</Filter>
    </ClInclude>
    <ClInclude Include="..\..\Common\ui\theme\theme.h">
      <Filter>Common</Filter>
    </ClInclude>
    <ClInclude Include="..\..\Common\ui\theme\ThemeLib.h">
      <Filter>Common</Filter>
    </ClInclude>
    <ClInclude Include="..\..\Common\system\ShellImageList\ShellImageList.h">
      <Filter>Common</Filter>
    </ClInclude>
    <ClInclude Include="..\..\Common\CMenu\CSCMenuBar\SCMenu.h">
      <Filter>Common</Filter>
    </ClInclude>
    <ClInclude Include="GroupInfo.h">
      <Filter>소스 파일</Filter>
    </ClInclude>
    <ClInclude Include="..\..\Common\CStatic\SCParagraphStatic\SCParagraphStatic.h">
      <Filter>Common</Filter>
    </ClInclude>
    <ClInclude Include="..\..\Common\data_structure\SCParagraph\SCParagraph.h">
      <Filter>Common</Filter>
    </ClInclude>
  </ItemGroup>
  <ItemGroup>
    <ClCompile Include="LMMLoginManager.cpp">
      <Filter>소스 파일</Filter>
    </ClCompile>
    <ClCompile Include="LMMLoginManagerDlg.cpp">
      <Filter>소스 파일</Filter>
    </ClCompile>
    <ClCompile Include="pch.cpp">
      <Filter>소스 파일</Filter>
    </ClCompile>
    <ClCompile Include="$(CommonLibDir)\ResizeCtrl.cpp">
      <Filter>Common</Filter>
    </ClCompile>
    <ClCompile Include="$(CommonLibDir)\SCGdiplusBitmap.cpp">
      <Filter>Common</Filter>
    </ClCompile>
    <ClCompile Include="$(CommonLibDir)\colors.cpp">
      <Filter>Common</Filter>
    </ClCompile>
    <ClCompile Include="$(CommonLibDir)\Functions.cpp">
      <Filter>Common</Filter>
    </ClCompile>
    <ClCompile Include="$(CommonLibDir)\CButton\GdiButton\GdiButton.cpp">
      <Filter>Common</Filter>
    </ClCompile>
    <ClCompile Include="$(CommonLibDir)\CEdit\CSCStaticEdit\SCStaticEdit.cpp">
      <Filter>Common</Filter>
    </ClCompile>
    <ClCompile Include="$(CommonLibDir)\messagebox\CSCMessageBox\SCMessageBox.cpp">
      <Filter>Common</Filter>
    </ClCompile>
    <ClCompile Include="$(CommonLibDir)\CStatic\SCStatic\SCStatic.cpp">
      <Filter>Common</Filter>
    </ClCompile>
    <ClCompile Include="$(CommonLibDir)\CEdit\SCEdit\SCEdit.cpp">
      <Filter>Common</Filter>
    </ClCompile>
    <ClCompile Include="$(CommonLibDir)\ini\EZIni\EZIni.cpp">
      <Filter>Common</Filter>
    </ClCompile>
    <ClCompile Include="$(CommonLibDir)\log\SCLog\SCLog.cpp">
      <Filter>Common</Filter>
    </ClCompile>
    <ClCompile Include="$(CommonLibDir)\thread\CSCThread\SCThread.cpp">
      <Filter>Common</Filter>
    </ClCompile>
    <ClCompile Include="Util.cpp">
      <Filter>소스 파일</Filter>
    </ClCompile>
    <ClCompile Include="Util\neturoauth.c">
      <Filter>소스 파일\Util</Filter>
    </ClCompile>
    <ClCompile Include="Util\d3des.c">
      <Filter>소스 파일\Util</Filter>
    </ClCompile>
    <ClCompile Include="UdpSocket.cpp">
      <Filter>소스 파일</Filter>
    </ClCompile>
    <ClCompile Include="..\..\Common\Json\rapid_json\json.cpp">
      <Filter>Common</Filter>
    </ClCompile>
    <ClCompile Include="ServiceSetting.cpp">
      <Filter>소스 파일</Filter>
    </ClCompile>
    <ClCompile Include="VersionDlg.cpp">
      <Filter>소스 파일</Filter>
    </ClCompile>
    <ClCompile Include="PositionDlg.cpp">
      <Filter>소스 파일</Filter>
    </ClCompile>
    <ClCompile Include="DeviceNameDlg.cpp">
      <Filter>소스 파일</Filter>
    </ClCompile>
    <ClCompile Include="DeviceGroupDlg.cpp">
      <Filter>소스 파일</Filter>
    </ClCompile>
    <ClCompile Include="..\..\Common\CTreeCtrl\SCTreeCtrl\SCTreeCtrl.cpp">
      <Filter>Common</Filter>
    </ClCompile>
    <ClCompile Include="..\..\Common\CScrollbar\SCScrollbar\SCScrollbar.cpp">
      <Filter>Common</Filter>
    </ClCompile>
    <ClCompile Include="..\..\Common\ui\theme\theme.cpp">
      <Filter>Common</Filter>
    </ClCompile>
    <ClCompile Include="..\..\Common\system\ShellImageList\ShellImageList.cpp">
      <Filter>Common</Filter>
    </ClCompile>
    <ClCompile Include="..\..\Common\CMenu\CSCMenuBar\SCMenu.cpp">
      <Filter>Common</Filter>
    </ClCompile>
    <ClCompile Include="GroupInfo.cpp">
      <Filter>소스 파일</Filter>
    </ClCompile>
    <ClCompile Include="..\..\Common\CStatic\SCParagraphStatic\SCParagraphStatic.cpp">
      <Filter>Common</Filter>
    </ClCompile>
    <ClCompile Include="..\..\Common\data_structure\SCParagraph\SCParagraph.cpp">
      <Filter>Common</Filter>
    </ClCompile>
  </ItemGroup>
  <ItemGroup>
    <ResourceCompile Include="LMMLoginManager.rc">
      <Filter>리소스 파일</Filter>
    </ResourceCompile>
  </ItemGroup>
  <ItemGroup>
    <None Include="res\LMMLoginManager.rc2">
      <Filter>리소스 파일</Filter>
    </None>
  </ItemGroup>
  <ItemGroup>
    <Image Include="res\LMMLoginManager.ico">
      <Filter>리소스 파일</Filter>
    </Image>
    <Image Include="res\images\config_gray_24px.png">
      <Filter>리소스 파일</Filter>
    </Image>
    <Image Include="res\images\email_gray_24px.png">
      <Filter>리소스 파일</Filter>
    </Image>
    <Image Include="res\images\eye_gray_24px.png">
      <Filter>리소스 파일</Filter>
    </Image>
    <Image Include="res\images\minimize_gray_24px.png">
      <Filter>리소스 파일</Filter>
    </Image>
    <Image Include="res\images\password_gray_24px.png">
      <Filter>리소스 파일</Filter>
    </Image>
    <Image Include="res\images\quit_gray_24px.png">
      <Filter>리소스 파일</Filter>
    </Image>
    <Image Include="res\images\user_gray_24px.png">
      <Filter>리소스 파일</Filter>
    </Image>
    <Image Include="res\images\close.png">
      <Filter>리소스 파일</Filter>
    </Image>
    <Image Include="res\images\config_gray.png">
      <Filter>리소스 파일</Filter>
    </Image>
    <Image Include="res\images\minimize.png">
      <Filter>리소스 파일</Filter>
    </Image>
    <Image Include="res\images\IDB_LOGO.png">
      <Filter>리소스 파일</Filter>
    </Image>
    <Image Include="res\images\close_dlg.png">
      <Filter>리소스 파일</Filter>
    </Image>
    <Image Include="res\images\IDB_OFF.png">
      <Filter>리소스 파일</Filter>
    </Image>
    <Image Include="res\images\IDB_ON.png">
      <Filter>리소스 파일</Filter>
    </Image>
    <Image Include="res\images\IDB_SAVE.png">
      <Filter>리소스 파일</Filter>
    </Image>
    <Image Include="res\images\tablet.png">
      <Filter>리소스 파일</Filter>
    </Image>
    <Image Include="res\images\screen.png">
      <Filter>리소스 파일</Filter>
    </Image>
    <Image Include="res\images\computer.png">
      <Filter>리소스 파일</Filter>
    </Image>
    <Image Include="res\images\folder.png">
      <Filter>리소스 파일</Filter>
    </Image>
    <Image Include="res\images\save_off.png">
      <Filter>리소스 파일</Filter>
    </Image>
    <Image Include="res\images\save_on.png">
      <Filter>리소스 파일</Filter>
    </Image>
    <Image Include="res\images\save.png">
      <Filter>리소스 파일</Filter>
    </Image>
    <Image Include="res\images\save_disabled.png">
      <Filter>리소스 파일</Filter>
    </Image>
    <Image Include="res\images\refresh.png">
      <Filter>리소스 파일</Filter>
    </Image>
  </ItemGroup>
</Project>